
Microsoft Visual Studio Solution File, Format Version 12.00
# Visual Studio Version 17
VisualStudioVersion = 17.1.32210.238
MinimumVisualStudioVersion = 10.0.40219.1
Project("{FAE04EC0-301F-11D3-BF4B-00C04F79EFBC}") = "Pong-resultingmodel", "JustPong\Pong-resultingmodel.csproj", "{CCEACDB8-E83A-48E2-BEF2-45149D12ADEF}"
EndProject
Global
	GlobalSection(SolutionConfigurationPlatforms) = preSolution
		Debug|Any CPU = Debug|Any CPU
		Release|Any CPU = Release|Any CPU
	EndGlobalSection
	GlobalSection(ProjectConfigurationPlatforms) = postSolution
		{CCEACDB8-E83A-48E2-BEF2-45149D12ADEF}.Debug|Any CPU.ActiveCfg = Debug|Any CPU
		{CCEACDB8-E83A-48E2-BEF2-45149D12ADEF}.Debug|Any CPU.Build.0 = Debug|Any CPU
		{CCEACDB8-E83A-48E2-BEF2-45149D12ADEF}.Release|Any CPU.ActiveCfg = Release|Any CPU
		{CCEACDB8-E83A-48E2-BEF2-45149D12ADEF}.Release|Any CPU.Build.0 = Release|Any CPU
	EndGlobalSection
	GlobalSection(SolutionProperties) = preSolution
		HideSolutionNode = FALSE
	EndGlobalSection
	GlobalSection(ExtensibilityGlobals) = postSolution
		SolutionGuid = {654425BA-C8BF-4437-A0E9-DFE0E614EACF}
	EndGlobalSection
EndGlobal
